
Microsoft Visual Studio Solution File, Format Version 12.00
# Visual Studio 15
VisualStudioVersion = 15.0.28010.2050
MinimumVisualStudioVersion = 10.0.40219.1
Project("{FAE04EC0-301F-11D3-BF4B-00C04F79EFBC}") = "Array_List_App", "Array_List_App\Array_List_App.csproj", "{68F4218F-0425-493B-8BCD-783369D4006F}"
EndProject
Global
	GlobalSection(SolutionConfigurationPlatforms) = preSolution
		Debug|Any CPU = Debug|Any CPU
		Release|Any CPU = Release|Any CPU
	EndGlobalSection
	GlobalSection(ProjectConfigurationPlatforms) = postSolution
		{68F4218F-0425-493B-8BCD-783369D4006F}.Debug|Any CPU.ActiveCfg = Debug|Any CPU
		{68F4218F-0425-493B-8BCD-783369D4006F}.Debug|Any CPU.Build.0 = Debug|Any CPU
		{68F4218F-0425-493B-8BCD-783369D4006F}.Release|Any CPU.ActiveCfg = Release|Any CPU
		{68F4218F-0425-493B-8BCD-783369D4006F}.Release|Any CPU.Build.0 = Release|Any CPU
	EndGlobalSection
	GlobalSection(SolutionProperties) = preSolution
		HideSolutionNode = FALSE
	EndGlobalSection
	GlobalSection(ExtensibilityGlobals) = postSolution
		SolutionGuid = {C45FE33D-A733-4B22-B156-5FCBC0070032}
	EndGlobalSection
EndGlobal
