
Microsoft Visual Studio Solution File, Format Version 12.00
# Visual Studio 15
VisualStudioVersion = 15.0.28307.136
MinimumVisualStudioVersion = 10.0.40219.1
Project("{FAE04EC0-301F-11D3-BF4B-00C04F79EFBC}") = "DateTime_Log_App", "DateTime_Log_App\DateTime_Log_App.csproj", "{C7299AC9-E827-4458-AA92-0D14FDA42E4F}"
EndProject
Global
	GlobalSection(SolutionConfigurationPlatforms) = preSolution
		Debug|Any CPU = Debug|Any CPU
		Release|Any CPU = Release|Any CPU
	EndGlobalSection
	GlobalSection(ProjectConfigurationPlatforms) = postSolution
		{C7299AC9-E827-4458-AA92-0D14FDA42E4F}.Debug|Any CPU.ActiveCfg = Debug|Any CPU
		{C7299AC9-E827-4458-AA92-0D14FDA42E4F}.Debug|Any CPU.Build.0 = Debug|Any CPU
		{C7299AC9-E827-4458-AA92-0D14FDA42E4F}.Release|Any CPU.ActiveCfg = Release|Any CPU
		{C7299AC9-E827-4458-AA92-0D14FDA42E4F}.Release|Any CPU.Build.0 = Release|Any CPU
	EndGlobalSection
	GlobalSection(SolutionProperties) = preSolution
		HideSolutionNode = FALSE
	EndGlobalSection
	GlobalSection(ExtensibilityGlobals) = postSolution
		SolutionGuid = {11246F85-3875-4205-A9B0-89E3FA4C177B}
	EndGlobalSection
EndGlobal
