
Microsoft Visual Studio Solution File, Format Version 12.00
# Visual Studio 15
VisualStudioVersion = 15.0.28307.136
MinimumVisualStudioVersion = 10.0.40219.1
Project("{FAE04EC0-301F-11D3-BF4B-00C04F79EFBC}") = "Interface_App", "Interface_App\Interface_App.csproj", "{59CB8F45-CB59-40E0-8BEE-251D330D614D}"
EndProject
Global
	GlobalSection(SolutionConfigurationPlatforms) = preSolution
		Debug|Any CPU = Debug|Any CPU
		Release|Any CPU = Release|Any CPU
	EndGlobalSection
	GlobalSection(ProjectConfigurationPlatforms) = postSolution
		{59CB8F45-CB59-40E0-8BEE-251D330D614D}.Debug|Any CPU.ActiveCfg = Debug|Any CPU
		{59CB8F45-CB59-40E0-8BEE-251D330D614D}.Debug|Any CPU.Build.0 = Debug|Any CPU
		{59CB8F45-CB59-40E0-8BEE-251D330D614D}.Release|Any CPU.ActiveCfg = Release|Any CPU
		{59CB8F45-CB59-40E0-8BEE-251D330D614D}.Release|Any CPU.Build.0 = Release|Any CPU
	EndGlobalSection
	GlobalSection(SolutionProperties) = preSolution
		HideSolutionNode = FALSE
	EndGlobalSection
	GlobalSection(ExtensibilityGlobals) = postSolution
		SolutionGuid = {0FC8D1A2-702A-4695-A8AC-75CD7F6FEC96}
	EndGlobalSection
EndGlobal
